
Microsoft Visual Studio Solution File, Format Version 12.00
# Visual Studio 15
VisualStudioVersion = 15.0.26730.12
MinimumVisualStudioVersion = 10.0.40219.1
Project("{FAE04EC0-301F-11D3-BF4B-00C04F79EFBC}") = "Quest", "Quest\Quest.csproj", "{B7508E8F-6DF8-4870-AA02-04491A8EDC20}"
EndProject
Project("{FAE04EC0-301F-11D3-BF4B-00C04F79EFBC}") = "GameEngine", "GameEngine\GameEngine.csproj", "{CEB7CC89-BAFF-4C85-9DDA-DD4BE25B6E51}"
EndProject
Global
	GlobalSection(SolutionConfigurationPlatforms) = preSolution
		Debug|Any CPU = Debug|Any CPU
		Release|Any CPU = Release|Any CPU
	EndGlobalSection
	GlobalSection(ProjectConfigurationPlatforms) = postSolution
		{B7508E8F-6DF8-4870-AA02-04491A8EDC20}.Debug|Any CPU.ActiveCfg = Debug|Any CPU
		{B7508E8F-6DF8-4870-AA02-04491A8EDC20}.Debug|Any CPU.Build.0 = Debug|Any CPU
		{B7508E8F-6DF8-4870-AA02-04491A8EDC20}.Release|Any CPU.ActiveCfg = Release|Any CPU
		{B7508E8F-6DF8-4870-AA02-04491A8EDC20}.Release|Any CPU.Build.0 = Release|Any CPU
		{CEB7CC89-BAFF-4C85-9DDA-DD4BE25B6E51}.Debug|Any CPU.ActiveCfg = Debug|Any CPU
		{CEB7CC89-BAFF-4C85-9DDA-DD4BE25B6E51}.Debug|Any CPU.Build.0 = Debug|Any CPU
		{CEB7CC89-BAFF-4C85-9DDA-DD4BE25B6E51}.Release|Any CPU.ActiveCfg = Release|Any CPU
		{CEB7CC89-BAFF-4C85-9DDA-DD4BE25B6E51}.Release|Any CPU.Build.0 = Release|Any CPU
	EndGlobalSection
	GlobalSection(SolutionProperties) = preSolution
		HideSolutionNode = FALSE
	EndGlobalSection
	GlobalSection(ExtensibilityGlobals) = postSolution
		SolutionGuid = {C6744778-EC66-450C-AD4C-98F1A42BD128}
	EndGlobalSection
EndGlobal
